
Microsoft Visual Studio Solution File, Format Version 12.00
# Visual Studio 2012
Project("{FAE04EC0-301F-11D3-BF4B-00C04F79EFBC}") = "Ejercicio01", "Ejercicio 1\Ejercicio01.csproj", "{1812979F-C188-4AB0-AE5F-D8D8198D4380}"
EndProject
Project("{FAE04EC0-301F-11D3-BF4B-00C04F79EFBC}") = "Ejercicio02", "Ejercicio02\Ejercicio02.csproj", "{B1E9FE1A-3441-4BCA-852B-01E3C14B3D89}"
EndProject
Project("{FAE04EC0-301F-11D3-BF4B-00C04F79EFBC}") = "Ejercicio03", "Ejercicio03\Ejercicio03.csproj", "{60CD5046-A0F6-443F-8F69-0F7AE311BFAB}"
EndProject
Global
	GlobalSection(SolutionConfigurationPlatforms) = preSolution
		Debug|Any CPU = Debug|Any CPU
		Release|Any CPU = Release|Any CPU
	EndGlobalSection
	GlobalSection(ProjectConfigurationPlatforms) = postSolution
		{1812979F-C188-4AB0-AE5F-D8D8198D4380}.Debug|Any CPU.ActiveCfg = Debug|Any CPU
		{1812979F-C188-4AB0-AE5F-D8D8198D4380}.Debug|Any CPU.Build.0 = Debug|Any CPU
		{1812979F-C188-4AB0-AE5F-D8D8198D4380}.Release|Any CPU.ActiveCfg = Release|Any CPU
		{1812979F-C188-4AB0-AE5F-D8D8198D4380}.Release|Any CPU.Build.0 = Release|Any CPU
		{B1E9FE1A-3441-4BCA-852B-01E3C14B3D89}.Debug|Any CPU.ActiveCfg = Debug|Any CPU
		{B1E9FE1A-3441-4BCA-852B-01E3C14B3D89}.Debug|Any CPU.Build.0 = Debug|Any CPU
		{B1E9FE1A-3441-4BCA-852B-01E3C14B3D89}.Release|Any CPU.ActiveCfg = Release|Any CPU
		{B1E9FE1A-3441-4BCA-852B-01E3C14B3D89}.Release|Any CPU.Build.0 = Release|Any CPU
		{60CD5046-A0F6-443F-8F69-0F7AE311BFAB}.Debug|Any CPU.ActiveCfg = Debug|Any CPU
		{60CD5046-A0F6-443F-8F69-0F7AE311BFAB}.Debug|Any CPU.Build.0 = Debug|Any CPU
		{60CD5046-A0F6-443F-8F69-0F7AE311BFAB}.Release|Any CPU.ActiveCfg = Release|Any CPU
		{60CD5046-A0F6-443F-8F69-0F7AE311BFAB}.Release|Any CPU.Build.0 = Release|Any CPU
	EndGlobalSection
	GlobalSection(SolutionProperties) = preSolution
		HideSolutionNode = FALSE
	EndGlobalSection
EndGlobal
